// !$*UTF8*$!
{
	archiveVersion = 1;
	classes = {
	};
	objectVersion = 46;
	objects = {

/* Begin PBXBuildFile section */
		C95E401C1AA23C7400CA4013 /* main.m in Sources */ = {isa = PBXBuildFile; fileRef = C95E401B1AA23C7400CA4013 /* main.m */; };
		C95E401F1AA23C7400CA4013 /* AppDelegate.m in Sources */ = {isa = PBXBuildFile; fileRef = C95E401E1AA23C7400CA4013 /* AppDelegate.m */; };
		C95E40221AA23C7400CA4013 /* GameScene.m in Sources */ = {isa = PBXBuildFile; fileRef = C95E40211AA23C7400CA4013 /* GameScene.m */; };
		C95E40271AA23C7400CA4013 /* GameViewController.m in Sources */ = {isa = PBXBuildFile; fileRef = C95E40261AA23C7400CA4013 /* GameViewController.m */; };
		C95E402A1AA23C7400CA4013 /* Main.storyboard in Resources */ = {isa = PBXBuildFile; fileRef = C95E40281AA23C7400CA4013 /* Main.storyboard */; };
		C95E402C1AA23C7400CA4013 /* Images.xcassets in Resources */ = {isa = PBXBuildFile; fileRef = C95E402B1AA23C7400CA4013 /* Images.xcassets */; };
		C95E402F1AA23C7400CA4013 /* LaunchScreen.xib in Resources */ = {isa = PBXBuildFile; fileRef = C95E402D1AA23C7400CA4013 /* LaunchScreen.xib */; };
		C95E403B1AA23C7400CA4013 /* CornholeTests.m in Sources */ = {isa = PBXBuildFile; fileRef = C95E403A1AA23C7400CA4013 /* CornholeTests.m */; };
		C95E40471AA23D3700CA4013 /* Board.m in Sources */ = {isa = PBXBuildFile; fileRef = C95E40461AA23D3700CA4013 /* Board.m */; };
		C95E404A1AA2429100CA4013 /* Hole.m in Sources */ = {isa = PBXBuildFile; fileRef = C95E40491AA2429100CA4013 /* Hole.m */; };
		C95E404D1AA2459000CA4013 /* BeanBag.m in Sources */ = {isa = PBXBuildFile; fileRef = C95E404C1AA2459000CA4013 /* BeanBag.m */; };
/* End PBXBuildFile section */

/* Begin PBXContainerItemProxy section */
		C95E40351AA23C7400CA4013 /* PBXContainerItemProxy */ = {
			isa = PBXContainerItemProxy;
			containerPortal = C95E400E1AA23C7400CA4013 /* Project object */;
			proxyType = 1;
			remoteGlobalIDString = C95E40151AA23C7400CA4013;
			remoteInfo = Cornhole;
		};
/* End PBXContainerItemProxy section */

/* Begin PBXFileReference section */
		C95E40161AA23C7400CA4013 /* Cornhole.app */ = {isa = PBXFileReference; explicitFileType = wrapper.application; includeInIndex = 0; path = Cornhole.app; sourceTree = BUILT_PRODUCTS_DIR; };
		C95E401A1AA23C7400CA4013 /* Info.plist */ = {isa = PBXFileReference; lastKnownFileType = text.plist.xml; path = Info.plist; sourceTree = "<group>"; };
		C95E401B1AA23C7400CA4013 /* main.m */ = {isa = PBXFileReference; lastKnownFileType = sourcecode.c.objc; path = main.m; sourceTree = "<group>"; };
		C95E401D1AA23C7400CA4013 /* AppDelegate.h */ = {isa = PBXFileReference; lastKnownFileType = sourcecode.c.h; path = AppDelegate.h; sourceTree = "<group>"; };
		C95E401E1AA23C7400CA4013 /* AppDelegate.m */ = {isa = PBXFileReference; lastKnownFileType = sourcecode.c.objc; path = AppDelegate.m; sourceTree = "<group>"; };
		C95E40201AA23C7400CA4013 /* GameScene.h */ = {isa = PBXFileReference; lastKnownFileType = sourcecode.c.h; path = GameScene.h; sourceTree = "<group>"; };
		C95E40211AA23C7400CA4013 /* GameScene.m */ = {isa = PBXFileReference; lastKnownFileType = sourcecode.c.objc; path = GameScene.m; sourceTree = "<group>"; };
		C95E40251AA23C7400CA4013 /* GameViewController.h */ = {isa = PBXFileReference; lastKnownFileType = sourcecode.c.h; path = GameViewController.h; sourceTree = "<group>"; };
		C95E40261AA23C7400CA4013 /* GameViewController.m */ = {isa = PBXFileReference; lastKnownFileType = sourcecode.c.objc; path = GameViewController.m; sourceTree = "<group>"; };
		C95E40291AA23C7400CA4013 /* Base */ = {isa = PBXFileReference; lastKnownFileType = file.storyboard; name = Base; path = Base.lproj/Main.storyboard; sourceTree = "<group>"; };
		C95E402B1AA23C7400CA4013 /* Images.xcassets */ = {isa = PBXFileReference; lastKnownFileType = folder.assetcatalog; path = Images.xcassets; sourceTree = "<group>"; };
		C95E402E1AA23C7400CA4013 /* Base */ = {isa = PBXFileReference; lastKnownFileType = file.xib; name = Base; path = Base.lproj/LaunchScreen.xib; sourceTree = "<group>"; };
		C95E40341AA23C7400CA4013 /* CornholeTests.xctest */ = {isa = PBXFileReference; explicitFileType = wrapper.cfbundle; includeInIndex = 0; path = CornholeTests.xctest; sourceTree = BUILT_PRODUCTS_DIR; };
		C95E40391AA23C7400CA4013 /* Info.plist */ = {isa = PBXFileReference; lastKnownFileType = text.plist.xml; path = Info.plist; sourceTree = "<group>"; };
		C95E403A1AA23C7400CA4013 /* CornholeTests.m */ = {isa = PBXFileReference; lastKnownFileType = sourcecode.c.objc; path = CornholeTests.m; sourceTree = "<group>"; };
		C95E40451AA23D3700CA4013 /* Board.h */ = {isa = PBXFileReference; fileEncoding = 4; lastKnownFileType = sourcecode.c.h; path = Board.h; sourceTree = "<group>"; };
		C95E40461AA23D3700CA4013 /* Board.m */ = {isa = PBXFileReference; fileEncoding = 4; lastKnownFileType = sourcecode.c.objc; path = Board.m; sourceTree = "<group>"; };
		C95E40481AA2429100CA4013 /* Hole.h */ = {isa = PBXFileReference; fileEncoding = 4; lastKnownFileType = sourcecode.c.h; path = Hole.h; sourceTree = "<group>"; };
		C95E40491AA2429100CA4013 /* Hole.m */ = {isa = PBXFileReference; fileEncoding = 4; lastKnownFileType = sourcecode.c.objc; path = Hole.m; sourceTree = "<group>"; };
		C95E404B1AA2459000CA4013 /* BeanBag.h */ = {isa = PBXFileReference; fileEncoding = 4; lastKnownFileType = sourcecode.c.h; path = BeanBag.h; sourceTree = "<group>"; };
		C95E404C1AA2459000CA4013 /* BeanBag.m */ = {isa = PBXFileReference; fileEncoding = 4; lastKnownFileType = sourcecode.c.objc; path = BeanBag.m; sourceTree = "<group>"; };
/* End PBXFileReference section */

/* Begin PBXFrameworksBuildPhase section */
		C95E40131AA23C7400CA4013 /* Frameworks */ = {
			isa = PBXFrameworksBuildPhase;
			buildActionMask = 2147483647;
			files = (
			);
			runOnlyForDeploymentPostprocessing = 0;
		};
		C95E40311AA23C7400CA4013 /* Frameworks */ = {
			isa = PBXFrameworksBuildPhase;
			buildActionMask = 2147483647;
			files = (
			);
			runOnlyForDeploymentPostprocessing = 0;
		};
/* End PBXFrameworksBuildPhase section */

/* Begin PBXGroup section */
		C95E400D1AA23C7400CA4013 = {
			isa = PBXGroup;
			children = (
				C95E40181AA23C7400CA4013 /* Cornhole */,
				C95E40371AA23C7400CA4013 /* CornholeTests */,
				C95E40171AA23C7400CA4013 /* Products */,
			);
			sourceTree = "<group>";
		};
		C95E40171AA23C7400CA4013 /* Products */ = {
			isa = PBXGroup;
			children = (
				C95E40161AA23C7400CA4013 /* Cornhole.app */,
				C95E40341AA23C7400CA4013 /* CornholeTests.xctest */,
			);
			name = Products;
			sourceTree = "<group>";
		};
		C95E40181AA23C7400CA4013 /* Cornhole */ = {
			isa = PBXGroup;
			children = (
				C95E40441AA23D2100CA4013 /* Sprites */,
				C95E401D1AA23C7400CA4013 /* AppDelegate.h */,
				C95E401E1AA23C7400CA4013 /* AppDelegate.m */,
				C95E40201AA23C7400CA4013 /* GameScene.h */,
				C95E40211AA23C7400CA4013 /* GameScene.m */,
				C95E40251AA23C7400CA4013 /* GameViewController.h */,
				C95E40261AA23C7400CA4013 /* GameViewController.m */,
				C95E40281AA23C7400CA4013 /* Main.storyboard */,
				C95E402B1AA23C7400CA4013 /* Images.xcassets */,
				C95E402D1AA23C7400CA4013 /* LaunchScreen.xib */,
				C95E40191AA23C7400CA4013 /* Supporting Files */,
			);
			path = Cornhole;
			sourceTree = "<group>";
		};
		C95E40191AA23C7400CA4013 /* Supporting Files */ = {
			isa = PBXGroup;
			children = (
				C95E401A1AA23C7400CA4013 /* Info.plist */,
				C95E401B1AA23C7400CA4013 /* main.m */,
			);
			name = "Supporting Files";
			sourceTree = "<group>";
		};
		C95E40371AA23C7400CA4013 /* CornholeTests */ = {
			isa = PBXGroup;
			children = (
				C95E403A1AA23C7400CA4013 /* CornholeTests.m */,
				C95E40381AA23C7400CA4013 /* Supporting Files */,
			);
			path = CornholeTests;
			sourceTree = "<group>";
		};
		C95E40381AA23C7400CA4013 /* Supporting Files */ = {
			isa = PBXGroup;
			children = (
				C95E40391AA23C7400CA4013 /* Info.plist */,
			);
			name = "Supporting Files";
			sourceTree = "<group>";
		};
		C95E40441AA23D2100CA4013 /* Sprites */ = {
			isa = PBXGroup;
			children = (
				C95E40451AA23D3700CA4013 /* Board.h */,
				C95E40461AA23D3700CA4013 /* Board.m */,
				C95E40481AA2429100CA4013 /* Hole.h */,
				C95E40491AA2429100CA4013 /* Hole.m */,
				C95E404B1AA2459000CA4013 /* BeanBag.h */,
				C95E404C1AA2459000CA4013 /* BeanBag.m */,
			);
			name = Sprites;
			sourceTree = "<group>";
		};
/* End PBXGroup section */

/* Begin PBXNativeTarget section */
		C95E40151AA23C7400CA4013 /* Cornhole */ = {
			isa = PBXNativeTarget;
			buildConfigurationList = C95E403E1AA23C7400CA4013 /* Build configuration list for PBXNativeTarget "Cornhole" */;
			buildPhases = (
				C95E40121AA23C7400CA4013 /* Sources */,
				C95E40131AA23C7400CA4013 /* Frameworks */,
				C95E40141AA23C7400CA4013 /* Resources */,
			);
			buildRules = (
			);
			dependencies = (
			);
			name = Cornhole;
			productName = Cornhole;
			productReference = C95E40161AA23C7400CA4013 /* Cornhole.app */;
			productType = "com.apple.product-type.application";
		};
		C95E40331AA23C7400CA4013 /* CornholeTests */ = {
			isa = PBXNativeTarget;
			buildConfigurationList = C95E40411AA23C7400CA4013 /* Build configuration list for PBXNativeTarget "CornholeTests" */;
			buildPhases = (
				C95E40301AA23C7400CA4013 /* Sources */,
				C95E40311AA23C7400CA4013 /* Frameworks */,
				C95E40321AA23C7400CA4013 /* Resources */,
			);
			buildRules = (
			);
			dependencies = (
				C95E40361AA23C7400CA4013 /* PBXTargetDependency */,
			);
			name = CornholeTests;
			productName = CornholeTests;
			productReference = C95E40341AA23C7400CA4013 /* CornholeTests.xctest */;
			productType = "com.apple.product-type.bundle.unit-test";
		};
/* End PBXNativeTarget section */

/* Begin PBXProject section */
		C95E400E1AA23C7400CA4013 /* Project object */ = {
			isa = PBXProject;
			attributes = {
				LastUpgradeCheck = 0610;
				ORGANIZATIONNAME = "Matt Kula";
				TargetAttributes = {
					C95E40151AA23C7400CA4013 = {
						CreatedOnToolsVersion = 6.1.1;
						DevelopmentTeam = 9NLDRC2923;
					};
					C95E40331AA23C7400CA4013 = {
						CreatedOnToolsVersion = 6.1.1;
						TestTargetID = C95E40151AA23C7400CA4013;
					};
				};
			};
			buildConfigurationList = C95E40111AA23C7400CA4013 /* Build configuration list for PBXProject "Cornhole" */;
			compatibilityVersion = "Xcode 3.2";
			developmentRegion = English;
			hasScannedForEncodings = 0;
			knownRegions = (
				en,
				Base,
			);
			mainGroup = C95E400D1AA23C7400CA4013;
			productRefGroup = C95E40171AA23C7400CA4013 /* Products */;
			projectDirPath = "";
			projectRoot = "";
			targets = (
				C95E40151AA23C7400CA4013 /* Cornhole */,
				C95E40331AA23C7400CA4013 /* CornholeTests */,
			);
		};
/* End PBXProject section */

/* Begin PBXResourcesBuildPhase section */
		C95E40141AA23C7400CA4013 /* Resources */ = {
			isa = PBXResourcesBuildPhase;
			buildActionMask = 2147483647;
			files = (
				C95E402F1AA23C7400CA4013 /* LaunchScreen.xib in Resources */,
				C95E402C1AA23C7400CA4013 /* Images.xcassets in Resources */,
				C95E402A1AA23C7400CA4013 /* Main.storyboard in Resources */,
			);
			runOnlyForDeploymentPostprocessing = 0;
		};
		C95E40321AA23C7400CA4013 /* Resources */ = {
			isa = PBXResourcesBuildPhase;
			buildActionMask = 2147483647;
			files = (
			);
			runOnlyForDeploymentPostprocessing = 0;
		};
/* End PBXResourcesBuildPhase section */

/* Begin PBXSourcesBuildPhase section */
		C95E40121AA23C7400CA4013 /* Sources */ = {
			isa = PBXSourcesBuildPhase;
			buildActionMask = 2147483647;
			files = (
				C95E40271AA23C7400CA4013 /* GameViewController.m in Sources */,
				C95E404A1AA2429100CA4013 /* Hole.m in Sources */,
				C95E401F1AA23C7400CA4013 /* AppDelegate.m in Sources */,
				C95E404D1AA2459000CA4013 /* BeanBag.m in Sources */,
				C95E40221AA23C7400CA4013 /* GameScene.m in Sources */,
				C95E401C1AA23C7400CA4013 /* main.m in Sources */,
				C95E40471AA23D3700CA4013 /* Board.m in Sources */,
			);
			runOnlyForDeploymentPostprocessing = 0;
		};
		C95E40301AA23C7400CA4013 /* Sources */ = {
			isa = PBXSourcesBuildPhase;
			buildActionMask = 2147483647;
			files = (
				C95E403B1AA23C7400CA4013 /* CornholeTests.m in Sources */,
			);
			runOnlyForDeploymentPostprocessing = 0;
		};
/* End PBXSourcesBuildPhase section */

/* Begin PBXTargetDependency section */
		C95E40361AA23C7400CA4013 /* PBXTargetDependency */ = {
			isa = PBXTargetDependency;
			target = C95E40151AA23C7400CA4013 /* Cornhole */;
			targetProxy = C95E40351AA23C7400CA4013 /* PBXContainerItemProxy */;
		};
/* End PBXTargetDependency section */

/* Begin PBXVariantGroup section */
		C95E40281AA23C7400CA4013 /* Main.storyboard */ = {
			isa = PBXVariantGroup;
			children = (
				C95E40291AA23C7400CA4013 /* Base */,
			);
			name = Main.storyboard;
			sourceTree = "<group>";
		};
		C95E402D1AA23C7400CA4013 /* LaunchScreen.xib */ = {
			isa = PBXVariantGroup;
			children = (
				C95E402E1AA23C7400CA4013 /* Base */,
			);
			name = LaunchScreen.xib;
			sourceTree = "<group>";
		};
/* End PBXVariantGroup section */

/* Begin XCBuildConfiguration section */
		C95E403C1AA23C7400CA4013 /* Debug */ = {
			isa = XCBuildConfiguration;
			buildSettings = {
				ALWAYS_SEARCH_USER_PATHS = NO;
				CLANG_CXX_LANGUAGE_STANDARD = "gnu++0x";
				CLANG_CXX_LIBRARY = "libc++";
				CLANG_ENABLE_MODULES = YES;
				CLANG_ENABLE_OBJC_ARC = YES;
				CLANG_WARN_BOOL_CONVERSION = YES;
				CLANG_WARN_CONSTANT_CONVERSION = YES;
				CLANG_WARN_DIRECT_OBJC_ISA_USAGE = YES_ERROR;
				CLANG_WARN_EMPTY_BODY = YES;
				CLANG_WARN_ENUM_CONVERSION = YES;
				CLANG_WARN_INT_CONVERSION = YES;
				CLANG_WARN_OBJC_ROOT_CLASS = YES_ERROR;
				CLANG_WARN_UNREACHABLE_CODE = YES;
				CLANG_WARN__DUPLICATE_METHOD_MATCH = YES;
				"CODE_SIGN_IDENTITY[sdk=iphoneos*]" = "iPhone Developer";
				COPY_PHASE_STRIP = NO;
				ENABLE_STRICT_OBJC_MSGSEND = YES;
				GCC_C_LANGUAGE_STANDARD = gnu99;
				GCC_DYNAMIC_NO_PIC = NO;
				GCC_OPTIMIZATION_LEVEL = 0;
				GCC_PREPROCESSOR_DEFINITIONS = (
					"DEBUG=1",
					"$(inherited)",
				);
				GCC_SYMBOLS_PRIVATE_EXTERN = NO;
				GCC_WARN_64_TO_32_BIT_CONVERSION = YES;
				GCC_WARN_ABOUT_RETURN_TYPE = YES_ERROR;
				GCC_WARN_UNDECLARED_SELECTOR = YES;
				GCC_WARN_UNINITIALIZED_AUTOS = YES_AGGRESSIVE;
				GCC_WARN_UNUSED_FUNCTION = YES;
				GCC_WARN_UNUSED_VARIABLE = YES;
				IPHONEOS_DEPLOYMENT_TARGET = 8.1;
				MTL_ENABLE_DEBUG_INFO = YES;
				ONLY_ACTIVE_ARCH = YES;
				SDKROOT = iphoneos;
			};
			name = Debug;
		};
		C95E403D1AA23C7400CA4013 /* Release */ = {
			isa = XCBuildConfiguration;
			buildSettings = {
				ALWAYS_SEARCH_USER_PATHS = NO;
				CLANG_CXX_LANGUAGE_STANDARD = "gnu++0x";
				CLANG_CXX_LIBRARY = "libc++";
				CLANG_ENABLE_MODULES = YES;
				CLANG_ENABLE_OBJC_ARC = YES;
				CLANG_WARN_BOOL_CONVERSION = YES;
				CLANG_WARN_CONSTANT_CONVERSION = YES;
				CLANG_WARN_DIRECT_OBJC_ISA_USAGE = YES_ERROR;
				CLANG_WARN_EMPTY_BODY = YES;
				CLANG_WARN_ENUM_CONVERSION = YES;
				CLANG_WARN_INT_CONVERSION = YES;
				CLANG_WARN_OBJC_ROOT_CLASS = YES_ERROR;
				CLANG_WARN_UNREACHABLE_CODE = YES;
				CLANG_WARN__DUPLICATE_METHOD_MATCH = YES;
				"CODE_SIGN_IDENTITY[sdk=iphoneos*]" = "iPhone Developer";
				COPY_PHASE_STRIP = YES;
				ENABLE_NS_ASSERTIONS = NO;
				ENABLE_STRICT_OBJC_MSGSEND = YES;
				GCC_C_LANGUAGE_STANDARD = gnu99;
				GCC_WARN_64_TO_32_BIT_CONVERSION = YES;
				GCC_WARN_ABOUT_RETURN_TYPE = YES_ERROR;
				GCC_WARN_UNDECLARED_SELECTOR = YES;
				GCC_WARN_UNINITIALIZED_AUTOS = YES_AGGRESSIVE;
				GCC_WARN_UNUSED_FUNCTION = YES;
				GCC_WARN_UNUSED_VARIABLE = YES;
				IPHONEOS_DEPLOYMENT_TARGET = 8.1;
				MTL_ENABLE_DEBUG_INFO = NO;
				SDKROOT = iphoneos;
				VALIDATE_PRODUCT = YES;
			};
			name = Release;
		};
		C95E403F1AA23C7400CA4013 /* Debug */ = {
			isa = XCBuildConfiguration;
			buildSettings = {
				ASSETCATALOG_COMPILER_APPICON_NAME = AppIcon;
				INFOPLIST_FILE = Cornhole/Info.plist;
				IPHONEOS_DEPLOYMENT_TARGET = 8.0;
				LD_RUNPATH_SEARCH_PATHS = "$(inherited) @executable_path/Frameworks";
				PRODUCT_NAME = "$(TARGET_NAME)";
			};
			name = Debug;
		};
		C95E40401AA23C7400CA4013 /* Release */ = {
			isa = XCBuildConfiguration;
			buildSettings = {
				ASSETCATALOG_COMPILER_APPICON_NAME = AppIcon;
				INFOPLIST_FILE = Cornhole/Info.plist;
				IPHONEOS_DEPLOYMENT_TARGET = 8.0;
				LD_RUNPATH_SEARCH_PATHS = "$(inherited) @executable_path/Frameworks";
				PRODUCT_NAME = "$(TARGET_NAME)";
			};
			name = Release;
		};
		C95E40421AA23C7400CA4013 /* Debug */ = {
			isa = XCBuildConfiguration;
			buildSettings = {
				BUNDLE_LOADER = "$(TEST_HOST)";
				FRAMEWORK_SEARCH_PATHS = (
					"$(SDKROOT)/Developer/Library/Frameworks",
					"$(inherited)",
				);
				GCC_PREPROCESSOR_DEFINITIONS = (
					"DEBUG=1",
					"$(inherited)",
				);
				INFOPLIST_FILE = CornholeTests/Info.plist;
				LD_RUNPATH_SEARCH_PATHS = "$(inherited) @executable_path/Frameworks @loader_path/Frameworks";
				PRODUCT_NAME = "$(TARGET_NAME)";
				TEST_HOST = "$(BUILT_PRODUCTS_DIR)/Cornhole.app/Cornhole";
			};
			name = Debug;
		};
		C95E40431AA23C7400CA4013 /* Release */ = {
			isa = XCBuildConfiguration;
			buildSettings = {
				BUNDLE_LOADER = "$(TEST_HOST)";
				FRAMEWORK_SEARCH_PATHS = (
					"$(SDKROOT)/Developer/Library/Frameworks",
					"$(inherited)",
				);
				INFOPLIST_FILE = CornholeTests/Info.plist;
				LD_RUNPATH_SEARCH_PATHS = "$(inherited) @executable_path/Frameworks @loader_path/Frameworks";
				PRODUCT_NAME = "$(TARGET_NAME)";
				TEST_HOST = "$(BUILT_PRODUCTS_DIR)/Cornhole.app/Cornhole";
			};
			name = Release;
		};
/* End XCBuildConfiguration section */

/* Begin XCConfigurationList section */
		C95E40111AA23C7400CA4013 /* Build configuration list for PBXProject "Cornhole" */ = {
			isa = XCConfigurationList;
			buildConfigurations = (
				C95E403C1AA23C7400CA4013 /* Debug */,
				C95E403D1AA23C7400CA4013 /* Release */,
			);
			defaultConfigurationIsVisible = 0;
			defaultConfigurationName = Release;
		};
		C95E403E1AA23C7400CA4013 /* Build configuration list for PBXNativeTarget "Cornhole" */ = {
			isa = XCConfigurationList;
			buildConfigurations = (
				C95E403F1AA23C7400CA4013 /* Debug */,
				C95E40401AA23C7400CA4013 /* Release */,
			);
			defaultConfigurationIsVisible = 0;
		};
		C95E40411AA23C7400CA4013 /* Build configuration list for PBXNativeTarget "CornholeTests" */ = {
			isa = XCConfigurationList;
			buildConfigurations = (
				C95E40421AA23C7400CA4013 /* Debug */,
				C95E40431AA23C7400CA4013 /* Release */,
			);
			defaultConfigurationIsVisible = 0;
		};
/* End XCConfigurationList section */
	};
	rootObject = C95E400E1AA23C7400CA4013 /* Project object */;
}
